
Microsoft Visual Studio Solution File, Format Version 12.00
Project("{FAE04EC0-301F-11D3-BF4B-00C04F79EFBC}") = "OS_ChatLabAvalonia.NETCoreMVVMApp", "OS_ChatLabAvalonia.NETCoreMVVMApp\OS_ChatLabAvalonia.NETCoreMVVMApp.csproj", "{CEBD0142-509A-4F9D-BEA9-971CDC94B080}"
EndProject
Global
	GlobalSection(SolutionConfigurationPlatforms) = preSolution
		Debug|Any CPU = Debug|Any CPU
		Release|Any CPU = Release|Any CPU
	EndGlobalSection
	GlobalSection(ProjectConfigurationPlatforms) = postSolution
		{CEBD0142-509A-4F9D-BEA9-971CDC94B080}.Debug|Any CPU.ActiveCfg = Debug|Any CPU
		{CEBD0142-509A-4F9D-BEA9-971CDC94B080}.Debug|Any CPU.Build.0 = Debug|Any CPU
		{CEBD0142-509A-4F9D-BEA9-971CDC94B080}.Release|Any CPU.ActiveCfg = Release|Any CPU
		{CEBD0142-509A-4F9D-BEA9-971CDC94B080}.Release|Any CPU.Build.0 = Release|Any CPU
	EndGlobalSection
EndGlobal
